
Microsoft Visual Studio Solution File, Format Version 12.00
# Visual Studio 14
VisualStudioVersion = 14.0.25420.1
MinimumVisualStudioVersion = 10.0.40219.1
Project("{E24C65DC-7377-472B-9ABA-BC803B73C61A}") = "VocabularySite", "VocabularySite\", "{705EC656-A994-4082-B492-26806CB9DE98}"
	ProjectSection(WebsiteProperties) = preProject
		TargetFrameworkMoniker = ".NETFramework,Version%3Dv4.5.2"
		ProjectReferences = "{003e367d-0c80-4fc9-a9f2-6a4275d409df}|APIClass.dll;"
		Debug.AspNetCompiler.VirtualPath = "/localhost_55506"
		Debug.AspNetCompiler.PhysicalPath = "VocabularySite\"
		Debug.AspNetCompiler.TargetPath = "PrecompiledWeb\localhost_55506\"
		Debug.AspNetCompiler.Updateable = "true"
		Debug.AspNetCompiler.ForceOverwrite = "true"
		Debug.AspNetCompiler.FixedNames = "false"
		Debug.AspNetCompiler.Debug = "True"
		Release.AspNetCompiler.VirtualPath = "/localhost_55506"
		Release.AspNetCompiler.PhysicalPath = "VocabularySite\"
		Release.AspNetCompiler.TargetPath = "PrecompiledWeb\localhost_55506\"
		Release.AspNetCompiler.Updateable = "true"
		Release.AspNetCompiler.ForceOverwrite = "true"
		Release.AspNetCompiler.FixedNames = "false"
		Release.AspNetCompiler.Debug = "False"
		VWDPort = "55506"
		SlnRelativePath = "VocabularySite\"
		DefaultWebSiteLanguage = "Visual C#"
	EndProjectSection
EndProject
Project("{FAE04EC0-301F-11D3-BF4B-00C04F79EFBC}") = "VocabularyWin", "VocabularyWin\VocabularyWin.csproj", "{38121B55-119B-405E-8F14-C7AF6B33A3ED}"
EndProject
Project("{FAE04EC0-301F-11D3-BF4B-00C04F79EFBC}") = "APIClass", "APIClass\APIClass.csproj", "{003E367D-0C80-4FC9-A9F2-6A4275D409DF}"
EndProject
Global
	GlobalSection(SolutionConfigurationPlatforms) = preSolution
		Debug|Any CPU = Debug|Any CPU
		Release|Any CPU = Release|Any CPU
	EndGlobalSection
	GlobalSection(ProjectConfigurationPlatforms) = postSolution
		{705EC656-A994-4082-B492-26806CB9DE98}.Debug|Any CPU.ActiveCfg = Debug|Any CPU
		{705EC656-A994-4082-B492-26806CB9DE98}.Debug|Any CPU.Build.0 = Debug|Any CPU
		{705EC656-A994-4082-B492-26806CB9DE98}.Release|Any CPU.ActiveCfg = Debug|Any CPU
		{705EC656-A994-4082-B492-26806CB9DE98}.Release|Any CPU.Build.0 = Debug|Any CPU
		{38121B55-119B-405E-8F14-C7AF6B33A3ED}.Debug|Any CPU.ActiveCfg = Debug|Any CPU
		{38121B55-119B-405E-8F14-C7AF6B33A3ED}.Debug|Any CPU.Build.0 = Debug|Any CPU
		{38121B55-119B-405E-8F14-C7AF6B33A3ED}.Release|Any CPU.ActiveCfg = Release|Any CPU
		{38121B55-119B-405E-8F14-C7AF6B33A3ED}.Release|Any CPU.Build.0 = Release|Any CPU
		{003E367D-0C80-4FC9-A9F2-6A4275D409DF}.Debug|Any CPU.ActiveCfg = Debug|Any CPU
		{003E367D-0C80-4FC9-A9F2-6A4275D409DF}.Debug|Any CPU.Build.0 = Debug|Any CPU
		{003E367D-0C80-4FC9-A9F2-6A4275D409DF}.Release|Any CPU.ActiveCfg = Release|Any CPU
		{003E367D-0C80-4FC9-A9F2-6A4275D409DF}.Release|Any CPU.Build.0 = Release|Any CPU
	EndGlobalSection
	GlobalSection(SolutionProperties) = preSolution
		HideSolutionNode = FALSE
	EndGlobalSection
EndGlobal
